
Microsoft Visual Studio Solution File, Format Version 12.00
# Visual Studio Version 17
VisualStudioVersion = 17.0.32126.317
MinimumVisualStudioVersion = 10.0.40219.1
Project("{FAE04EC0-301F-11D3-BF4B-00C04F79EFBC}") = "PracticalAssignmentAPIOlderVersion", "PracticalAssignmentAPIOlderVersion\PracticalAssignmentAPIOlderVersion.csproj", "{5FAC5309-1BDC-402F-8BC2-80BF2FFFD53D}"
EndProject
Project("{FAE04EC0-301F-11D3-BF4B-00C04F79EFBC}") = "PracticalAssignmentAPIOlderVersion.DataAccess", "PracticalAssignmentAPIOlderVersion.DataAccess\PracticalAssignmentAPIOlderVersion.DataAccess.csproj", "{C7C2A523-1495-4499-8A82-AD990D8F6659}"
EndProject
Project("{FAE04EC0-301F-11D3-BF4B-00C04F79EFBC}") = "PracticalAssignmentAPIOlderVersion.Business", "PracticalAssignmentAPIOlderVersion.Business\PracticalAssignmentAPIOlderVersion.Business.csproj", "{D99C7277-C97B-4EF8-A71E-AFB020B2344C}"
EndProject
Global
	GlobalSection(SolutionConfigurationPlatforms) = preSolution
		Debug|Any CPU = Debug|Any CPU
		Release|Any CPU = Release|Any CPU
	EndGlobalSection
	GlobalSection(ProjectConfigurationPlatforms) = postSolution
		{5FAC5309-1BDC-402F-8BC2-80BF2FFFD53D}.Debug|Any CPU.ActiveCfg = Debug|Any CPU
		{5FAC5309-1BDC-402F-8BC2-80BF2FFFD53D}.Debug|Any CPU.Build.0 = Debug|Any CPU
		{5FAC5309-1BDC-402F-8BC2-80BF2FFFD53D}.Release|Any CPU.ActiveCfg = Release|Any CPU
		{5FAC5309-1BDC-402F-8BC2-80BF2FFFD53D}.Release|Any CPU.Build.0 = Release|Any CPU
		{C7C2A523-1495-4499-8A82-AD990D8F6659}.Debug|Any CPU.ActiveCfg = Debug|Any CPU
		{C7C2A523-1495-4499-8A82-AD990D8F6659}.Debug|Any CPU.Build.0 = Debug|Any CPU
		{C7C2A523-1495-4499-8A82-AD990D8F6659}.Release|Any CPU.ActiveCfg = Release|Any CPU
		{C7C2A523-1495-4499-8A82-AD990D8F6659}.Release|Any CPU.Build.0 = Release|Any CPU
		{D99C7277-C97B-4EF8-A71E-AFB020B2344C}.Debug|Any CPU.ActiveCfg = Debug|Any CPU
		{D99C7277-C97B-4EF8-A71E-AFB020B2344C}.Debug|Any CPU.Build.0 = Debug|Any CPU
		{D99C7277-C97B-4EF8-A71E-AFB020B2344C}.Release|Any CPU.ActiveCfg = Release|Any CPU
		{D99C7277-C97B-4EF8-A71E-AFB020B2344C}.Release|Any CPU.Build.0 = Release|Any CPU
	EndGlobalSection
	GlobalSection(SolutionProperties) = preSolution
		HideSolutionNode = FALSE
	EndGlobalSection
	GlobalSection(ExtensibilityGlobals) = postSolution
		SolutionGuid = {092FD492-6A66-41A0-BC2F-15126481A5EA}
	EndGlobalSection
EndGlobal
