
Microsoft Visual Studio Solution File, Format Version 12.00
# Visual Studio Version 17
VisualStudioVersion = 17.0.32126.317
MinimumVisualStudioVersion = 10.0.40219.1
Project("{9A19103F-16F7-4668-BE54-9A1E7A4F7556}") = "PracticalAssignment", "PracticalAssignment\PracticalAssignment.csproj", "{EA40A666-A07D-4179-8923-A338D26F0701}"
EndProject
Project("{9A19103F-16F7-4668-BE54-9A1E7A4F7556}") = "PracticalAssignment.Data", "PracticalAssignment.Data\PracticalAssignment.Data.csproj", "{C292FFF8-2114-44E0-94D2-76E85F5D7C06}"
EndProject
Project("{FAE04EC0-301F-11D3-BF4B-00C04F79EFBC}") = "PracticalAssignment.Business", "PracticalAssignment.Business\PracticalAssignment.Business.csproj", "{A889B2BD-3E20-4FD2-9E03-4B3966DF8F0B}"
EndProject
Global
	GlobalSection(SolutionConfigurationPlatforms) = preSolution
		Debug|Any CPU = Debug|Any CPU
		Release|Any CPU = Release|Any CPU
	EndGlobalSection
	GlobalSection(ProjectConfigurationPlatforms) = postSolution
		{EA40A666-A07D-4179-8923-A338D26F0701}.Debug|Any CPU.ActiveCfg = Debug|Any CPU
		{EA40A666-A07D-4179-8923-A338D26F0701}.Debug|Any CPU.Build.0 = Debug|Any CPU
		{EA40A666-A07D-4179-8923-A338D26F0701}.Release|Any CPU.ActiveCfg = Release|Any CPU
		{EA40A666-A07D-4179-8923-A338D26F0701}.Release|Any CPU.Build.0 = Release|Any CPU
		{C292FFF8-2114-44E0-94D2-76E85F5D7C06}.Debug|Any CPU.ActiveCfg = Debug|Any CPU
		{C292FFF8-2114-44E0-94D2-76E85F5D7C06}.Debug|Any CPU.Build.0 = Debug|Any CPU
		{C292FFF8-2114-44E0-94D2-76E85F5D7C06}.Release|Any CPU.ActiveCfg = Release|Any CPU
		{C292FFF8-2114-44E0-94D2-76E85F5D7C06}.Release|Any CPU.Build.0 = Release|Any CPU
		{A889B2BD-3E20-4FD2-9E03-4B3966DF8F0B}.Debug|Any CPU.ActiveCfg = Debug|Any CPU
		{A889B2BD-3E20-4FD2-9E03-4B3966DF8F0B}.Debug|Any CPU.Build.0 = Debug|Any CPU
		{A889B2BD-3E20-4FD2-9E03-4B3966DF8F0B}.Release|Any CPU.ActiveCfg = Release|Any CPU
		{A889B2BD-3E20-4FD2-9E03-4B3966DF8F0B}.Release|Any CPU.Build.0 = Release|Any CPU
	EndGlobalSection
	GlobalSection(SolutionProperties) = preSolution
		HideSolutionNode = FALSE
	EndGlobalSection
	GlobalSection(ExtensibilityGlobals) = postSolution
		SolutionGuid = {A85387C3-47BA-4130-AB00-7B188319999B}
	EndGlobalSection
EndGlobal
